
Microsoft Visual Studio Solution File, Format Version 12.00
# Visual Studio 2013
VisualStudioVersion = 12.0.31101.0
MinimumVisualStudioVersion = 10.0.40219.1
Project("{FAE04EC0-301F-11D3-BF4B-00C04F79EFBC}") = "libdargon.hydar-api", "libdargon.hydar-api.csproj", "{EEA8CBE9-90F7-4411-A7A5-A702C902D02F}"
EndProject
Global
	GlobalSection(SolutionConfigurationPlatforms) = preSolution
		Debug|Any CPU = Debug|Any CPU
		Debug|x86 = Debug|x86
		DummyPlatform|Any CPU = DummyPlatform|Any CPU
		DummyPlatform|x86 = DummyPlatform|x86
		Release|Any CPU = Release|Any CPU
		Release|x86 = Release|x86
		TempBuild|Any CPU = TempBuild|Any CPU
		TempBuild|x86 = TempBuild|x86
	EndGlobalSection
	GlobalSection(ProjectConfigurationPlatforms) = postSolution
		{EEA8CBE9-90F7-4411-A7A5-A702C902D02F}.Debug|Any CPU.ActiveCfg = Debug|Any CPU
		{EEA8CBE9-90F7-4411-A7A5-A702C902D02F}.Debug|Any CPU.Build.0 = Debug|Any CPU
		{EEA8CBE9-90F7-4411-A7A5-A702C902D02F}.Debug|x86.ActiveCfg = Debug|Any CPU
		{EEA8CBE9-90F7-4411-A7A5-A702C902D02F}.DummyPlatform|Any CPU.ActiveCfg = Debug|Any CPU
		{EEA8CBE9-90F7-4411-A7A5-A702C902D02F}.DummyPlatform|Any CPU.Build.0 = Debug|Any CPU
		{EEA8CBE9-90F7-4411-A7A5-A702C902D02F}.DummyPlatform|x86.ActiveCfg = Debug|Any CPU
		{EEA8CBE9-90F7-4411-A7A5-A702C902D02F}.Release|Any CPU.ActiveCfg = Release|Any CPU
		{EEA8CBE9-90F7-4411-A7A5-A702C902D02F}.Release|Any CPU.Build.0 = Release|Any CPU
		{EEA8CBE9-90F7-4411-A7A5-A702C902D02F}.Release|x86.ActiveCfg = Release|Any CPU
		{EEA8CBE9-90F7-4411-A7A5-A702C902D02F}.TempBuild|Any CPU.ActiveCfg = Release|Any CPU
		{EEA8CBE9-90F7-4411-A7A5-A702C902D02F}.TempBuild|Any CPU.Build.0 = Release|Any CPU
		{EEA8CBE9-90F7-4411-A7A5-A702C902D02F}.TempBuild|x86.ActiveCfg = Release|Any CPU
	EndGlobalSection
	GlobalSection(SolutionProperties) = preSolution
		HideSolutionNode = FALSE
	EndGlobalSection
EndGlobal
